
Microsoft Visual Studio Solution File, Format Version 12.00
Project("{FAE04EC0-301F-11D3-BF4B-00C04F79EFBC}") = "FastestExcelTest", "FastestExcelTest\FastestExcelTest.csproj", "{36C3151B-0856-4B2F-8C88-D408F9615AF7}"
EndProject
Global
	GlobalSection(SolutionConfigurationPlatforms) = preSolution
		Debug|Any CPU = Debug|Any CPU
		Release|Any CPU = Release|Any CPU
	EndGlobalSection
	GlobalSection(ProjectConfigurationPlatforms) = postSolution
		{36C3151B-0856-4B2F-8C88-D408F9615AF7}.Debug|Any CPU.ActiveCfg = Debug|Any CPU
		{36C3151B-0856-4B2F-8C88-D408F9615AF7}.Debug|Any CPU.Build.0 = Debug|Any CPU
		{36C3151B-0856-4B2F-8C88-D408F9615AF7}.Release|Any CPU.ActiveCfg = Release|Any CPU
		{36C3151B-0856-4B2F-8C88-D408F9615AF7}.Release|Any CPU.Build.0 = Release|Any CPU
	EndGlobalSection
EndGlobal
